# This file is automatically @generated by Cargo.
# It is not intended for manual editing.
version = 4

[[package]]
name = "api-gateway"
version = "0.1.0"

[[package]]
name = "auth-service"
version = "0.1.0"

[[package]]
name = "forma-core"
version = "0.1.0"

[[package]]
name = "forma-proc-macro"
version = "0.1.0"

[[package]]
name = "forma-schema"
version = "0.1.0"

[[package]]
name = "formatine-operator"
version = "0.1.0"

[[package]]
name = "formatine-worker"
version = "0.1.0"

[[package]]
name = "forum-service"
version = "0.1.0"

[[package]]
name = "integrations-gateway"
version = "0.1.0"

[[package]]
name = "interspace-service"
version = "0.1.0"

[[package]]
name = "key-stone-service"
version = "0.1.0"

[[package]]
name = "mail-server"
version = "0.1.0"

[[package]]
name = "monitor-server"
version = "0.1.0"

[[package]]
name = "notification-service"
version = "0.1.0"

[[package]]
name = "payment-service"
version = "0.1.0"

[[package]]
name = "plugin-service"
version = "0.1.0"
